PODS:
  - Alamofire (5.6.1)
  - AlamofireImage (4.2.0):
    - Alamofire (~> 5.4)
  - ImageSlideshow (1.9.2):
    - ImageSlideshow/Core (= 1.9.2)
  - ImageSlideshow/Alamofire (1.9.2):
    - AlamofireImage (~> 4.0)
    - ImageSlideshow/Core
  - ImageSlideshow/Core (1.9.2)

DEPENDENCIES:
  - ImageSlideshow (~> 1.9.0)
  - ImageSlideshow/Alamofire

SPEC REPOS:
  trunk:
    - Alamofire
    - AlamofireImage
    - ImageSlideshow

SPEC CHECKSUMS:
  Alamofire: 87bd8c952f9a4454320fce00d9cc3de57bcadaf5
  AlamofireImage: 34a2d90b0e5fe6a5605f85ae4b7b01e784c60192
  ImageSlideshow: be305b54eaf2b2cfc7a7141c7c734605d44dc07d

PODFILE CHECKSUM: f4d002a4643bcd2878a244973cfca1e02c7aebf5

COCOAPODS: 1.11.3
